
Microsoft Visual Studio Solution File, Format Version 12.00
# Visual Studio Version 16
VisualStudioVersion = 16.0.31911.196
MinimumVisualStudioVersion = 10.0.40219.1
Project("{FAE04EC0-301F-11D3-BF4B-00C04F79EFBC}") = "HH", "HH\HH.csproj", "{3652ECBD-28FC-4DEC-97F1-3F1FE169BDD6}"
EndProject
Global
	GlobalSection(SolutionConfigurationPlatforms) = preSolution
		Debug|Any CPU = Debug|Any CPU
		Release|Any CPU = Release|Any CPU
	EndGlobalSection
	GlobalSection(ProjectConfigurationPlatforms) = postSolution
		{3652ECBD-28FC-4DEC-97F1-3F1FE169BDD6}.Debug|Any CPU.ActiveCfg = Debug|Any CPU
		{3652ECBD-28FC-4DEC-97F1-3F1FE169BDD6}.Debug|Any CPU.Build.0 = Debug|Any CPU
		{3652ECBD-28FC-4DEC-97F1-3F1FE169BDD6}.Release|Any CPU.ActiveCfg = Release|Any CPU
		{3652ECBD-28FC-4DEC-97F1-3F1FE169BDD6}.Release|Any CPU.Build.0 = Release|Any CPU
	EndGlobalSection
	GlobalSection(SolutionProperties) = preSolution
		HideSolutionNode = FALSE
	EndGlobalSection
	GlobalSection(ExtensibilityGlobals) = postSolution
		SolutionGuid = {FD2E8A49-4A30-45C2-8419-9EAE00B92A21}
	EndGlobalSection
EndGlobal
